{
  "version": 4,
  "terraform_version": "1.6.4",
  "serial": 18,
  "lineage": "371b0d1a-87d7-bb24-2b32-c19d12bc64bc",
  "outputs": {},
  "resources": [
    {
      "mode": "managed",
      "type": "local_file",
      "name": "my_pet",
      "provider": "provider[\"registry.terraform.io/hashicorp/local\"]",
      "instances": [
        {
          "schema_version": 0,
          "attributes": {
            "content": "var.content",
            "content_base64": null,
            "content_base64sha256": "8+TT03U9LszQJb/jSHweRYsj7ueiWTITMP0XjWQJJC0=",
            "content_base64sha512": "4vAOnRcZ3d1UVN+21Zr9SOnl1G3827a+KNI/AFyWfnsku7wxrvi/VybOMgsLDMNEH5ogAlsTRE8Xr04xsYIPaA==",
            "content_md5": "a46efb6d15998ca5a99b163701556c3d",
            "content_sha1": "2560517838ec2e0d5f58a3963f91831616d0ad5d",
            "content_sha256": "f3e4d3d3753d2eccd025bfe3487c1e458b23eee7a259321330fd178d6409242d",
            "content_sha512": "e2f00e9d1719dddd5454dfb6d59afd48e9e5d46dfcdbb6be28d23f005c967e7b24bbbc31aef8bf5726ce320b0b0cc3441f9a20025b13444f17af4e31b1820f68",
            "directory_permission": "0777",
            "file_permission": "0777",
            "filename": "var.filename",
            "id": "2560517838ec2e0d5f58a3963f91831616d0ad5d",
            "sensitive_content": null,
            "source": null
          },
          "sensitive_attributes": []
        }
      ]
    },
    {
      "mode": "managed",
      "type": "random_pet",
      "name": "petname",
      "provider": "provider[\"registry.terraform.io/hashicorp/random\"]",
      "instances": [
        {
          "schema_version": 0,
          "attributes": {
            "id": "Miss.cricket",
            "keepers": null,
            "length": 1,
            "prefix": "Miss",
            "separator": "."
          },
          "sensitive_attributes": []
        }
      ]
    }
  ],
  "check_results": null
}
